// !$*UTF8*$!
{
	archiveVersion = 1;
	classes = {
	};
	objectVersion = 51;
	objects = {

/* Begin PBXBuildFile section */
		310B5EB426CED44700C984F3 /* LineGraph.swift in Sources */ = {isa = PBXBuildFile; fileRef = 310B5EB326CED44700C984F3 /* LineGraph.swift */; };
		310B5EB626D4546700C984F3 /* hrdata.txt in Sources */ = {isa = PBXBuildFile; fileRef = 310B5EB526D4546700C984F3 /* hrdata.txt */; };
		311E1623276C0E880097B1B5 /* ChartsPowerView.swift in Sources */ = {isa = PBXBuildFile; fileRef = 311E1622276C0E880097B1B5 /* ChartsPowerView.swift */; };
		3131E498277291FD00581A1E /* FrameSize.swift in Sources */ = {isa = PBXBuildFile; fileRef = 3131E497277291FD00581A1E /* FrameSize.swift */; };
		3131E49A2772938500581A1E /* DataView.swift in Sources */ = {isa = PBXBuildFile; fileRef = 3131E4992772938500581A1E /* DataView.swift */; };
		3131E49C277A8F5C00581A1E /* ConnectButton.swift in Sources */ = {isa = PBXBuildFile; fileRef = 3131E49B277A8F5C00581A1E /* ConnectButton.swift */; };
		31941D46276A90C800E95A11 /* ChartsPowerData.swift in Sources */ = {isa = PBXBuildFile; fileRef = 31941D45276A90C800E95A11 /* ChartsPowerData.swift */; };
		31941D49276AB77B00E95A11 /* ChartsPowerGraph.swift in Sources */ = {isa = PBXBuildFile; fileRef = 31941D48276AB77B00E95A11 /* ChartsPowerGraph.swift */; };
		31B654E8278F87EF00B5A3AD /* ContentView.swift in Sources */ = {isa = PBXBuildFile; fileRef = 31B654E7278F87EF00B5A3AD /* ContentView.swift */; };
		31B654EB278F895300B5A3AD /* Modifiers.swift in Sources */ = {isa = PBXBuildFile; fileRef = 31B654EA278F895300B5A3AD /* Modifiers.swift */; };
		31B654F0278F8E4400B5A3AD /* digital-7.regular.ttf in Resources */ = {isa = PBXBuildFile; fileRef = 31B654EF278F8E4400B5A3AD /* digital-7.regular.ttf */; };
		31D210FD26B19A3F001C3AC8 /* PowerCompareApp.swift in Sources */ = {isa = PBXBuildFile; fileRef = 31D210FC26B19A3F001C3AC8 /* PowerCompareApp.swift */; };
		31D2110126B19A41001C3AC8 /* Assets.xcassets in Resources */ = {isa = PBXBuildFile; fileRef = 31D2110026B19A41001C3AC8 /* Assets.xcassets */; };
		31D2110426B19A41001C3AC8 /* Preview Assets.xcassets in Resources */ = {isa = PBXBuildFile; fileRef = 31D2110326B19A41001C3AC8 /* Preview Assets.xcassets */; };
		31D2111226B1E092001C3AC8 /* LineView.swift in Sources */ = {isa = PBXBuildFile; fileRef = 31D2111126B1E092001C3AC8 /* LineView.swift */; };
		31D2111626B1E7CC001C3AC8 /* PowerView.swift in Sources */ = {isa = PBXBuildFile; fileRef = 31D2111526B1E7CC001C3AC8 /* PowerView.swift */; };
		31D2111826B20D8C001C3AC8 /* Bluetooth.swift in Sources */ = {isa = PBXBuildFile; fileRef = 31D2111726B20D8C001C3AC8 /* Bluetooth.swift */; };
		31D2111A26B20DCE001C3AC8 /* PowerData.swift in Sources */ = {isa = PBXBuildFile; fileRef = 31D2111926B20DCE001C3AC8 /* PowerData.swift */; };
		31D2111C26B2FD59001C3AC8 /* DeviceListView.swift in Sources */ = {isa = PBXBuildFile; fileRef = 31D2111B26B2FD59001C3AC8 /* DeviceListView.swift */; };
		31D2111E26B2FE79001C3AC8 /* WelcomeModal.swift in Sources */ = {isa = PBXBuildFile; fileRef = 31D2111D26B2FE79001C3AC8 /* WelcomeModal.swift */; };
		BBDC5DED994E9C6D39CAFB63 /* Pods_PowerCompare.framework in Frameworks */ = {isa = PBXBuildFile; fileRef = 5312DB7A4564688DBFCBBE2F /* Pods_PowerCompare.framework */; };
/* End PBXBuildFile section */

/* Begin PBXFileReference section */
		310B5EB326CED44700C984F3 /* LineGraph.swift */ = {isa = PBXFileReference; lastKnownFileType = sourcecode.swift; path = LineGraph.swift; sourceTree = "<group>"; };
		310B5EB526D4546700C984F3 /* hrdata.txt */ = {isa = PBXFileReference; lastKnownFileType = text; path = hrdata.txt; sourceTree = "<group>"; };
		311E1622276C0E880097B1B5 /* ChartsPowerView.swift */ = {isa = PBXFileReference; lastKnownFileType = sourcecode.swift; path = ChartsPowerView.swift; sourceTree = "<group>"; };
		3131E497277291FD00581A1E /* FrameSize.swift */ = {isa = PBXFileReference; lastKnownFileType = sourcecode.swift; path = FrameSize.swift; sourceTree = "<group>"; };
		3131E4992772938500581A1E /* DataView.swift */ = {isa = PBXFileReference; lastKnownFileType = sourcecode.swift; path = DataView.swift; sourceTree = "<group>"; };
		3131E49B277A8F5C00581A1E /* ConnectButton.swift */ = {isa = PBXFileReference; lastKnownFileType = sourcecode.swift; path = ConnectButton.swift; sourceTree = "<group>"; };
		31941D45276A90C800E95A11 /* ChartsPowerData.swift */ = {isa = PBXFileReference; lastKnownFileType = sourcecode.swift; path = ChartsPowerData.swift; sourceTree = "<group>"; };
		31941D48276AB77B00E95A11 /* ChartsPowerGraph.swift */ = {isa = PBXFileReference; lastKnownFileType = sourcecode.swift; path = ChartsPowerGraph.swift; sourceTree = "<group>"; };
		31B654E7278F87EF00B5A3AD /* ContentView.swift */ = {isa = PBXFileReference; fileEncoding = 4; lastKnownFileType = sourcecode.swift; path = ContentView.swift; sourceTree = "<group>"; };
		31B654EA278F895300B5A3AD /* Modifiers.swift */ = {isa = PBXFileReference; lastKnownFileType = sourcecode.swift; path = Modifiers.swift; sourceTree = "<group>"; };
		31B654EF278F8E4400B5A3AD /* digital-7.regular.ttf */ = {isa = PBXFileReference; lastKnownFileType = file; path = "digital-7.regular.ttf"; sourceTree = "<group>"; };
		31D210F926B19A3F001C3AC8 /* PowerCompare.app */ = {isa = PBXFileReference; explicitFileType = wrapper.application; includeInIndex = 0; path = PowerCompare.app; sourceTree = BUILT_PRODUCTS_DIR; };
		31D210FC26B19A3F001C3AC8 /* PowerCompareApp.swift */ = {isa = PBXFileReference; lastKnownFileType = sourcecode.swift; path = PowerCompareApp.swift; sourceTree = "<group>"; };
		31D2110026B19A41001C3AC8 /* Assets.xcassets */ = {isa = PBXFileReference; lastKnownFileType = folder.assetcatalog; path = Assets.xcassets; sourceTree = "<group>"; };
		31D2110326B19A41001C3AC8 /* Preview Assets.xcassets */ = {isa = PBXFileReference; lastKnownFileType = folder.assetcatalog; path = "Preview Assets.xcassets"; sourceTree = "<group>"; };
		31D2110526B19A41001C3AC8 /* Info.plist */ = {isa = PBXFileReference; lastKnownFileType = text.plist.xml; path = Info.plist; sourceTree = "<group>"; };
		31D2111126B1E092001C3AC8 /* LineView.swift */ = {isa = PBXFileReference; lastKnownFileType = sourcecode.swift; path = LineView.swift; sourceTree = "<group>"; };
		31D2111526B1E7CC001C3AC8 /* PowerView.swift */ = {isa = PBXFileReference; lastKnownFileType = sourcecode.swift; path = PowerView.swift; sourceTree = "<group>"; };
		31D2111726B20D8C001C3AC8 /* Bluetooth.swift */ = {isa = PBXFileReference; lastKnownFileType = sourcecode.swift; path = Bluetooth.swift; sourceTree = "<group>"; };
		31D2111926B20DCE001C3AC8 /* PowerData.swift */ = {isa = PBXFileReference; lastKnownFileType = sourcecode.swift; path = PowerData.swift; sourceTree = "<group>"; };
		31D2111B26B2FD59001C3AC8 /* DeviceListView.swift */ = {isa = PBXFileReference; lastKnownFileType = sourcecode.swift; path = DeviceListView.swift; sourceTree = "<group>"; };
		31D2111D26B2FE79001C3AC8 /* WelcomeModal.swift */ = {isa = PBXFileReference; lastKnownFileType = sourcecode.swift; path = WelcomeModal.swift; sourceTree = "<group>"; };
		5312DB7A4564688DBFCBBE2F /* Pods_PowerCompare.framework */ = {isa = PBXFileReference; explicitFileType = wrapper.framework; includeInIndex = 0; path = Pods_PowerCompare.framework; sourceTree = BUILT_PRODUCTS_DIR; };
		7A54E782F66AAEF19CCD1ECE /* Pods-PowerCompare.release.xcconfig */ = {isa = PBXFileReference; includeInIndex = 1; lastKnownFileType = text.xcconfig; name = "Pods-PowerCompare.release.xcconfig"; path = "Target Support Files/Pods-PowerCompare/Pods-PowerCompare.release.xcconfig"; sourceTree = "<group>"; };
		DD25C3ACE2EC6B39F192B732 /* Pods-PowerCompare.debug.xcconfig */ = {isa = PBXFileReference; includeInIndex = 1; lastKnownFileType = text.xcconfig; name = "Pods-PowerCompare.debug.xcconfig"; path = "Target Support Files/Pods-PowerCompare/Pods-PowerCompare.debug.xcconfig"; sourceTree = "<group>"; };
/* End PBXFileReference section */

/* Begin PBXFrameworksBuildPhase section */
		31D210F626B19A3F001C3AC8 /* Frameworks */ = {
			isa = PBXFrameworksBuildPhase;
			buildActionMask = 2147483647;
			files = (
				BBDC5DED994E9C6D39CAFB63 /* Pods_PowerCompare.framework in Frameworks */,
			);
			runOnlyForDeploymentPostprocessing = 0;
		};
/* End PBXFrameworksBuildPhase section */

/* Begin PBXGroup section */
		0AECF8921D44F277946AF692 /* Pods */ = {
			isa = PBXGroup;
			children = (
				DD25C3ACE2EC6B39F192B732 /* Pods-PowerCompare.debug.xcconfig */,
				7A54E782F66AAEF19CCD1ECE /* Pods-PowerCompare.release.xcconfig */,
			);
			path = Pods;
			sourceTree = "<group>";
		};
		31941D47276AB6F300E95A11 /* ChartsGraph */ = {
			isa = PBXGroup;
			children = (
				31941D48276AB77B00E95A11 /* ChartsPowerGraph.swift */,
			);
			path = ChartsGraph;
			sourceTree = "<group>";
		};
		31B654E9278F893B00B5A3AD /* Modifiers */ = {
			isa = PBXGroup;
			children = (
				31B654EA278F895300B5A3AD /* Modifiers.swift */,
			);
			path = Modifiers;
			sourceTree = "<group>";
		};
		31B654EE278F8D5300B5A3AD /* fonts */ = {
			isa = PBXGroup;
			children = (
				31B654EF278F8E4400B5A3AD /* digital-7.regular.ttf */,
			);
			path = fonts;
			sourceTree = "<group>";
		};
		31D210F026B19A3F001C3AC8 = {
			isa = PBXGroup;
			children = (
				310B5EB526D4546700C984F3 /* hrdata.txt */,
				31D2110026B19A41001C3AC8 /* Assets.xcassets */,
				31D210FB26B19A3F001C3AC8 /* PowerCompare */,
				31D210FA26B19A3F001C3AC8 /* Products */,
				0AECF8921D44F277946AF692 /* Pods */,
				89520EABBB6E80B70D410CE0 /* Frameworks */,
			);
			sourceTree = "<group>";
		};
		31D210FA26B19A3F001C3AC8 /* Products */ = {
			isa = PBXGroup;
			children = (
				31D210F926B19A3F001C3AC8 /* PowerCompare.app */,
			);
			name = Products;
			sourceTree = "<group>";
		};
		31D210FB26B19A3F001C3AC8 /* PowerCompare */ = {
			isa = PBXGroup;
			children = (
				31B654EE278F8D5300B5A3AD /* fonts */,
				31D2110226B19A41001C3AC8 /* Preview Content */,
				31D2111D26B2FE79001C3AC8 /* WelcomeModal.swift */,
				31941D47276AB6F300E95A11 /* ChartsGraph */,
				31B654E9278F893B00B5A3AD /* Modifiers */,
				31D2110B26B19C42001C3AC8 /* PowerChart */,
				31D210FC26B19A3F001C3AC8 /* PowerCompareApp.swift */,
				31D2111526B1E7CC001C3AC8 /* PowerView.swift */,
				311E1622276C0E880097B1B5 /* ChartsPowerView.swift */,
				31B654E7278F87EF00B5A3AD /* ContentView.swift */,
				31D2111B26B2FD59001C3AC8 /* DeviceListView.swift */,
				31D2111726B20D8C001C3AC8 /* Bluetooth.swift */,
				31D2111926B20DCE001C3AC8 /* PowerData.swift */,
				31941D45276A90C800E95A11 /* ChartsPowerData.swift */,
				3131E4992772938500581A1E /* DataView.swift */,
				3131E497277291FD00581A1E /* FrameSize.swift */,
				3131E49B277A8F5C00581A1E /* ConnectButton.swift */,
				31D2110526B19A41001C3AC8 /* Info.plist */,
			);
			path = PowerCompare;
			sourceTree = "<group>";
		};
		31D2110226B19A41001C3AC8 /* Preview Content */ = {
			isa = PBXGroup;
			children = (
				31D2110326B19A41001C3AC8 /* Preview Assets.xcassets */,
			);
			path = "Preview Content";
			sourceTree = "<group>";
		};
		31D2110B26B19C42001C3AC8 /* PowerChart */ = {
			isa = PBXGroup;
			children = (
				310B5EB326CED44700C984F3 /* LineGraph.swift */,
				31D2110E26B19D10001C3AC8 /* Supporting */,
			);
			path = PowerChart;
			sourceTree = "<group>";
		};
		31D2110E26B19D10001C3AC8 /* Supporting */ = {
			isa = PBXGroup;
			children = (
				31D2111126B1E092001C3AC8 /* LineView.swift */,
			);
			path = Supporting;
			sourceTree = "<group>";
		};
		89520EABBB6E80B70D410CE0 /* Frameworks */ = {
			isa = PBXGroup;
			children = (
				5312DB7A4564688DBFCBBE2F /* Pods_PowerCompare.framework */,
			);
			name = Frameworks;
			sourceTree = "<group>";
		};
/* End PBXGroup section */

/* Begin PBXNativeTarget section */
		31D210F826B19A3F001C3AC8 /* PowerCompare */ = {
			isa = PBXNativeTarget;
			buildConfigurationList = 31D2110826B19A41001C3AC8 /* Build configuration list for PBXNativeTarget "PowerCompare" */;
			buildPhases = (
				8E8F906C2857EA8846A6D749 /* [CP] Check Pods Manifest.lock */,
				31D210F526B19A3F001C3AC8 /* Sources */,
				31D210F626B19A3F001C3AC8 /* Frameworks */,
				31D210F726B19A3F001C3AC8 /* Resources */,
				A07BB6D3BD61E3EFC1A836D8 /* [CP] Embed Pods Frameworks */,
			);
			buildRules = (
			);
			dependencies = (
			);
			name = PowerCompare;
			productName = PowerCompare;
			productReference = 31D210F926B19A3F001C3AC8 /* PowerCompare.app */;
			productType = "com.apple.product-type.application";
		};
/* End PBXNativeTarget section */

/* Begin PBXProject section */
		31D210F126B19A3F001C3AC8 /* Project object */ = {
			isa = PBXProject;
			attributes = {
				LastSwiftUpdateCheck = 1250;
				LastUpgradeCheck = 1250;
				TargetAttributes = {
					31D210F826B19A3F001C3AC8 = {
						CreatedOnToolsVersion = 12.5.1;
					};
				};
			};
			buildConfigurationList = 31D210F426B19A3F001C3AC8 /* Build configuration list for PBXProject "PowerCompare" */;
			compatibilityVersion = "Xcode 9.3";
			developmentRegion = en;
			hasScannedForEncodings = 0;
			knownRegions = (
				en,
				Base,
			);
			mainGroup = 31D210F026B19A3F001C3AC8;
			productRefGroup = 31D210FA26B19A3F001C3AC8 /* Products */;
			projectDirPath = "";
			projectRoot = "";
			targets = (
				31D210F826B19A3F001C3AC8 /* PowerCompare */,
			);
		};
/* End PBXProject section */

/* Begin PBXResourcesBuildPhase section */
		31D210F726B19A3F001C3AC8 /* Resources */ = {
			isa = PBXResourcesBuildPhase;
			buildActionMask = 2147483647;
			files = (
				31D2110426B19A41001C3AC8 /* Preview Assets.xcassets in Resources */,
				31D2110126B19A41001C3AC8 /* Assets.xcassets in Resources */,
				31B654F0278F8E4400B5A3AD /* digital-7.regular.ttf in Resources */,
			);
			runOnlyForDeploymentPostprocessing = 0;
		};
/* End PBXResourcesBuildPhase section */

/* Begin PBXShellScriptBuildPhase section */
		8E8F906C2857EA8846A6D749 /* [CP] Check Pods Manifest.lock */ = {
			isa = PBXShellScriptBuildPhase;
			buildActionMask = 2147483647;
			files = (
			);
			inputFileListPaths = (
			);
			inputPaths = (
				"${PODS_PODFILE_DIR_PATH}/Podfile.lock",
				"${PODS_ROOT}/Manifest.lock",
			);
			name = "[CP] Check Pods Manifest.lock";
			outputFileListPaths = (
			);
			outputPaths = (
				"$(DERIVED_FILE_DIR)/Pods-PowerCompare-checkManifestLockResult.txt",
			);
			runOnlyForDeploymentPostprocessing = 0;
			shellPath = /bin/sh;
			shellScript = "diff \"${PODS_PODFILE_DIR_PATH}/Podfile.lock\" \"${PODS_ROOT}/Manifest.lock\" > /dev/null\nif [ $? != 0 ] ; then\n    # print error to STDERR\n    echo \"error: The sandbox is not in sync with the Podfile.lock. Run 'pod install' or update your CocoaPods installation.\" >&2\n    exit 1\nfi\n# This output is used by Xcode 'outputs' to avoid re-running this script phase.\necho \"SUCCESS\" > \"${SCRIPT_OUTPUT_FILE_0}\"\n";
			showEnvVarsInLog = 0;
		};
		A07BB6D3BD61E3EFC1A836D8 /* [CP] Embed Pods Frameworks */ = {
			isa = PBXShellScriptBuildPhase;
			buildActionMask = 2147483647;
			files = (
			);
			inputFileListPaths = (
				"${PODS_ROOT}/Target Support Files/Pods-PowerCompare/Pods-PowerCompare-frameworks-${CONFIGURATION}-input-files.xcfilelist",
			);
			name = "[CP] Embed Pods Frameworks";
			outputFileListPaths = (
				"${PODS_ROOT}/Target Support Files/Pods-PowerCompare/Pods-PowerCompare-frameworks-${CONFIGURATION}-output-files.xcfilelist",
			);
			runOnlyForDeploymentPostprocessing = 0;
			shellPath = /bin/sh;
			shellScript = "\"${PODS_ROOT}/Target Support Files/Pods-PowerCompare/Pods-PowerCompare-frameworks.sh\"\n";
			showEnvVarsInLog = 0;
		};
/* End PBXShellScriptBuildPhase section */

/* Begin PBXSourcesBuildPhase section */
		31D210F526B19A3F001C3AC8 /* Sources */ = {
			isa = PBXSourcesBuildPhase;
			buildActionMask = 2147483647;
			files = (
				3131E49C277A8F5C00581A1E /* ConnectButton.swift in Sources */,
				31D2111826B20D8C001C3AC8 /* Bluetooth.swift in Sources */,
				31B654E8278F87EF00B5A3AD /* ContentView.swift in Sources */,
				31D2111A26B20DCE001C3AC8 /* PowerData.swift in Sources */,
				31941D46276A90C800E95A11 /* ChartsPowerData.swift in Sources */,
				31D210FD26B19A3F001C3AC8 /* PowerCompareApp.swift in Sources */,
				310B5EB426CED44700C984F3 /* LineGraph.swift in Sources */,
				31D2111E26B2FE79001C3AC8 /* WelcomeModal.swift in Sources */,
				31D2111226B1E092001C3AC8 /* LineView.swift in Sources */,
				31D2111626B1E7CC001C3AC8 /* PowerView.swift in Sources */,
				31D2111C26B2FD59001C3AC8 /* DeviceListView.swift in Sources */,
				31B654EB278F895300B5A3AD /* Modifiers.swift in Sources */,
				3131E498277291FD00581A1E /* FrameSize.swift in Sources */,
				3131E49A2772938500581A1E /* DataView.swift in Sources */,
				311E1623276C0E880097B1B5 /* ChartsPowerView.swift in Sources */,
				310B5EB626D4546700C984F3 /* hrdata.txt in Sources */,
				31941D49276AB77B00E95A11 /* ChartsPowerGraph.swift in Sources */,
			);
			runOnlyForDeploymentPostprocessing = 0;
		};
/* End PBXSourcesBuildPhase section */

/* Begin XCBuildConfiguration section */
		31D2110626B19A41001C3AC8 /* Debug */ = {
			isa = XCBuildConfiguration;
			buildSettings = {
				ALWAYS_SEARCH_USER_PATHS = NO;
				CLANG_ANALYZER_NONNULL = YES;
				CLANG_ANALYZER_NUMBER_OBJECT_CONVERSION = YES_AGGRESSIVE;
				CLANG_CXX_LANGUAGE_STANDARD = "gnu++14";
				CLANG_CXX_LIBRARY = "libc++";
				CLANG_ENABLE_MODULES = YES;
				CLANG_ENABLE_OBJC_ARC = YES;
				CLANG_ENABLE_OBJC_WEAK = YES;
				CLANG_WARN_BLOCK_CAPTURE_AUTORELEASING = YES;
				CLANG_WARN_BOOL_CONVERSION = YES;
				CLANG_WARN_COMMA = YES;
				CLANG_WARN_CONSTANT_CONVERSION = YES;
				CLANG_WARN_DEPRECATED_OBJC_IMPLEMENTATIONS = YES;
				CLANG_WARN_DIRECT_OBJC_ISA_USAGE = YES_ERROR;
				CLANG_WARN_DOCUMENTATION_COMMENTS = YES;
				CLANG_WARN_EMPTY_BODY = YES;
				CLANG_WARN_ENUM_CONVERSION = YES;
				CLANG_WARN_INFINITE_RECURSION = YES;
				CLANG_WARN_INT_CONVERSION = YES;
				CLANG_WARN_NON_LITERAL_NULL_CONVERSION = YES;
				CLANG_WARN_OBJC_IMPLICIT_RETAIN_SELF = YES;
				CLANG_WARN_OBJC_LITERAL_CONVERSION = YES;
				CLANG_WARN_OBJC_ROOT_CLASS = YES_ERROR;
				CLANG_WARN_QUOTED_INCLUDE_IN_FRAMEWORK_HEADER = YES;
				CLANG_WARN_RANGE_LOOP_ANALYSIS = YES;
				CLANG_WARN_STRICT_PROTOTYPES = YES;
				CLANG_WARN_SUSPICIOUS_MOVE = YES;
				CLANG_WARN_UNGUARDED_AVAILABILITY = YES_AGGRESSIVE;
				CLANG_WARN_UNREACHABLE_CODE = YES;
				CLANG_WARN__DUPLICATE_METHOD_MATCH = YES;
				COPY_PHASE_STRIP = NO;
				DEBUG_INFORMATION_FORMAT = dwarf;
				ENABLE_STRICT_OBJC_MSGSEND = YES;
				ENABLE_TESTABILITY = YES;
				GCC_C_LANGUAGE_STANDARD = gnu11;
				GCC_DYNAMIC_NO_PIC = NO;
				GCC_NO_COMMON_BLOCKS = YES;
				GCC_OPTIMIZATION_LEVEL = 0;
				GCC_PREPROCESSOR_DEFINITIONS = (
					"DEBUG=1",
					"$(inherited)",
				);
				GCC_WARN_64_TO_32_BIT_CONVERSION = YES;
				GCC_WARN_ABOUT_RETURN_TYPE = YES_ERROR;
				GCC_WARN_UNDECLARED_SELECTOR = YES;
				GCC_WARN_UNINITIALIZED_AUTOS = YES_AGGRESSIVE;
				GCC_WARN_UNUSED_FUNCTION = YES;
				GCC_WARN_UNUSED_VARIABLE = YES;
				IPHONEOS_DEPLOYMENT_TARGET = 14.5;
				MTL_ENABLE_DEBUG_INFO = INCLUDE_SOURCE;
				MTL_FAST_MATH = YES;
				ONLY_ACTIVE_ARCH = YES;
				SDKROOT = iphoneos;
				SWIFT_ACTIVE_COMPILATION_CONDITIONS = DEBUG;
				SWIFT_OPTIMIZATION_LEVEL = "-Onone";
			};
			name = Debug;
		};
		31D2110726B19A41001C3AC8 /* Release */ = {
			isa = XCBuildConfiguration;
			buildSettings = {
				ALWAYS_SEARCH_USER_PATHS = NO;
				CLANG_ANALYZER_NONNULL = YES;
				CLANG_ANALYZER_NUMBER_OBJECT_CONVERSION = YES_AGGRESSIVE;
				CLANG_CXX_LANGUAGE_STANDARD = "gnu++14";
				CLANG_CXX_LIBRARY = "libc++";
				CLANG_ENABLE_MODULES = YES;
				CLANG_ENABLE_OBJC_ARC = YES;
				CLANG_ENABLE_OBJC_WEAK = YES;
				CLANG_WARN_BLOCK_CAPTURE_AUTORELEASING = YES;
				CLANG_WARN_BOOL_CONVERSION = YES;
				CLANG_WARN_COMMA = YES;
				CLANG_WARN_CONSTANT_CONVERSION = YES;
				CLANG_WARN_DEPRECATED_OBJC_IMPLEMENTATIONS = YES;
				CLANG_WARN_DIRECT_OBJC_ISA_USAGE = YES_ERROR;
				CLANG_WARN_DOCUMENTATION_COMMENTS = YES;
				CLANG_WARN_EMPTY_BODY = YES;
				CLANG_WARN_ENUM_CONVERSION = YES;
				CLANG_WARN_INFINITE_RECURSION = YES;
				CLANG_WARN_INT_CONVERSION = YES;
				CLANG_WARN_NON_LITERAL_NULL_CONVERSION = YES;
				CLANG_WARN_OBJC_IMPLICIT_RETAIN_SELF = YES;
				CLANG_WARN_OBJC_LITERAL_CONVERSION = YES;
				CLANG_WARN_OBJC_ROOT_CLASS = YES_ERROR;
				CLANG_WARN_QUOTED_INCLUDE_IN_FRAMEWORK_HEADER = YES;
				CLANG_WARN_RANGE_LOOP_ANALYSIS = YES;
				CLANG_WARN_STRICT_PROTOTYPES = YES;
				CLANG_WARN_SUSPICIOUS_MOVE = YES;
				CLANG_WARN_UNGUARDED_AVAILABILITY = YES_AGGRESSIVE;
				CLANG_WARN_UNREACHABLE_CODE = YES;
				CLANG_WARN__DUPLICATE_METHOD_MATCH = YES;
				COPY_PHASE_STRIP = NO;
				DEBUG_INFORMATION_FORMAT = "dwarf-with-dsym";
				ENABLE_NS_ASSERTIONS = NO;
				ENABLE_STRICT_OBJC_MSGSEND = YES;
				GCC_C_LANGUAGE_STANDARD = gnu11;
				GCC_NO_COMMON_BLOCKS = YES;
				GCC_WARN_64_TO_32_BIT_CONVERSION = YES;
				GCC_WARN_ABOUT_RETURN_TYPE = YES_ERROR;
				GCC_WARN_UNDECLARED_SELECTOR = YES;
				GCC_WARN_UNINITIALIZED_AUTOS = YES_AGGRESSIVE;
				GCC_WARN_UNUSED_FUNCTION = YES;
				GCC_WARN_UNUSED_VARIABLE = YES;
				IPHONEOS_DEPLOYMENT_TARGET = 14.5;
				MTL_ENABLE_DEBUG_INFO = NO;
				MTL_FAST_MATH = YES;
				SDKROOT = iphoneos;
				SWIFT_COMPILATION_MODE = wholemodule;
				SWIFT_OPTIMIZATION_LEVEL = "-O";
				VALIDATE_PRODUCT = YES;
			};
			name = Release;
		};
		31D2110926B19A41001C3AC8 /* Debug */ = {
			isa = XCBuildConfiguration;
			baseConfigurationReference = DD25C3ACE2EC6B39F192B732 /* Pods-PowerCompare.debug.xcconfig */;
			buildSettings = {
				ASSETCATALOG_COMPILER_APPICON_NAME = AppIcon;
				ASSETCATALOG_COMPILER_GLOBAL_ACCENT_COLOR_NAME = AccentColor;
				CODE_SIGN_STYLE = Automatic;
				CURRENT_PROJECT_VERSION = 6;
				DEVELOPMENT_ASSET_PATHS = "\"PowerCompare/Preview Content\"";
				DEVELOPMENT_TEAM = XU5AWAYW87;
				ENABLE_PREVIEWS = YES;
				INFOPLIST_FILE = PowerCompare/Info.plist;
				IPHONEOS_DEPLOYMENT_TARGET = 14.0;
				LD_RUNPATH_SEARCH_PATHS = (
					"$(inherited)",
					"@executable_path/Frameworks",
				);
				MARKETING_VERSION = 1.3;
				PRODUCT_BUNDLE_IDENTIFIER = JHM.PowerCompare;
				PRODUCT_NAME = "$(TARGET_NAME)";
				SWIFT_VERSION = 5.0;
				TARGETED_DEVICE_FAMILY = 1;
			};
			name = Debug;
		};
		31D2110A26B19A41001C3AC8 /* Release */ = {
			isa = XCBuildConfiguration;
			baseConfigurationReference = 7A54E782F66AAEF19CCD1ECE /* Pods-PowerCompare.release.xcconfig */;
			buildSettings = {
				ASSETCATALOG_COMPILER_APPICON_NAME = AppIcon;
				ASSETCATALOG_COMPILER_GLOBAL_ACCENT_COLOR_NAME = AccentColor;
				CODE_SIGN_STYLE = Automatic;
				CURRENT_PROJECT_VERSION = 6;
				DEVELOPMENT_ASSET_PATHS = "\"PowerCompare/Preview Content\"";
				DEVELOPMENT_TEAM = XU5AWAYW87;
				ENABLE_PREVIEWS = YES;
				INFOPLIST_FILE = PowerCompare/Info.plist;
				IPHONEOS_DEPLOYMENT_TARGET = 14.0;
				LD_RUNPATH_SEARCH_PATHS = (
					"$(inherited)",
					"@executable_path/Frameworks",
				);
				MARKETING_VERSION = 1.3;
				PRODUCT_BUNDLE_IDENTIFIER = JHM.PowerCompare;
				PRODUCT_NAME = "$(TARGET_NAME)";
				SWIFT_VERSION = 5.0;
				TARGETED_DEVICE_FAMILY = 1;
			};
			name = Release;
		};
/* End XCBuildConfiguration section */

/* Begin XCConfigurationList section */
		31D210F426B19A3F001C3AC8 /* Build configuration list for PBXProject "PowerCompare" */ = {
			isa = XCConfigurationList;
			buildConfigurations = (
				31D2110626B19A41001C3AC8 /* Debug */,
				31D2110726B19A41001C3AC8 /* Release */,
			);
			defaultConfigurationIsVisible = 0;
			defaultConfigurationName = Release;
		};
		31D2110826B19A41001C3AC8 /* Build configuration list for PBXNativeTarget "PowerCompare" */ = {
			isa = XCConfigurationList;
			buildConfigurations = (
				31D2110926B19A41001C3AC8 /* Debug */,
				31D2110A26B19A41001C3AC8 /* Release */,
			);
			defaultConfigurationIsVisible = 0;
			defaultConfigurationName = Release;
		};
/* End XCConfigurationList section */
	};
	rootObject = 31D210F126B19A3F001C3AC8 /* Project object */;
}
